
Microsoft Visual Studio Solution File, Format Version 12.00
Project("{FAE04EC0-301F-11D3-BF4B-00C04F79EFBC}") = "Orders.WebApp", "Orders.WebApp\Orders.WebApp.csproj", "{9D455F86-9712-4935-AEA5-E8703579A03E}"
EndProject
Project("{2150E333-8FDC-42A3-9474-1A3956D46DE8}") = "src", "src", "{223015BA-CE35-469E-97EC-2649F33096DD}"
EndProject
Project("{2150E333-8FDC-42A3-9474-1A3956D46DE8}") = "tests", "tests", "{42C3CB91-0557-4FBF-A095-FEC3E56A164B}"
EndProject
Project("{FAE04EC0-301F-11D3-BF4B-00C04F79EFBC}") = "Orders.ConsoleApp", "Orders.ConsoleApp\Orders.ConsoleApp.csproj", "{7E19B0F7-4667-477F-BA88-6227C8289F4D}"
EndProject
Project("{FAE04EC0-301F-11D3-BF4B-00C04F79EFBC}") = "Orders.Service", "Orders.Service\Orders.Service.csproj", "{219298AE-1F1B-4B42-9432-0122330B03DD}"
EndProject
Project("{FAE04EC0-301F-11D3-BF4B-00C04F79EFBC}") = "Orders.Shared", "Orders.Shared\Orders.Shared.csproj", "{6A1750EA-A195-4B9A-AE24-EE97379D1687}"
EndProject
Project("{FAE04EC0-301F-11D3-BF4B-00C04F79EFBC}") = "Orders.BusinessLogic", "Orders.BusinessLogic\Orders.BusinessLogic.csproj", "{FFCAF324-DA5B-4E93-A1A5-D68D17C573CB}"
EndProject
Project("{FAE04EC0-301F-11D3-BF4B-00C04F79EFBC}") = "Orders.Service.Tests", "Orders.Service.Tests\Orders.Service.Tests.csproj", "{EA790FF3-F1AA-4E5A-B74B-4F37DBA715B0}"
EndProject
Global
	GlobalSection(SolutionConfigurationPlatforms) = preSolution
		Debug|Any CPU = Debug|Any CPU
		Release|Any CPU = Release|Any CPU
	EndGlobalSection
	GlobalSection(ProjectConfigurationPlatforms) = postSolution
		{9D455F86-9712-4935-AEA5-E8703579A03E}.Debug|Any CPU.ActiveCfg = Debug|Any CPU
		{9D455F86-9712-4935-AEA5-E8703579A03E}.Debug|Any CPU.Build.0 = Debug|Any CPU
		{9D455F86-9712-4935-AEA5-E8703579A03E}.Release|Any CPU.ActiveCfg = Release|Any CPU
		{9D455F86-9712-4935-AEA5-E8703579A03E}.Release|Any CPU.Build.0 = Release|Any CPU
		{7E19B0F7-4667-477F-BA88-6227C8289F4D}.Debug|Any CPU.ActiveCfg = Debug|Any CPU
		{7E19B0F7-4667-477F-BA88-6227C8289F4D}.Debug|Any CPU.Build.0 = Debug|Any CPU
		{7E19B0F7-4667-477F-BA88-6227C8289F4D}.Release|Any CPU.ActiveCfg = Release|Any CPU
		{7E19B0F7-4667-477F-BA88-6227C8289F4D}.Release|Any CPU.Build.0 = Release|Any CPU
		{219298AE-1F1B-4B42-9432-0122330B03DD}.Debug|Any CPU.ActiveCfg = Debug|Any CPU
		{219298AE-1F1B-4B42-9432-0122330B03DD}.Debug|Any CPU.Build.0 = Debug|Any CPU
		{219298AE-1F1B-4B42-9432-0122330B03DD}.Release|Any CPU.ActiveCfg = Release|Any CPU
		{219298AE-1F1B-4B42-9432-0122330B03DD}.Release|Any CPU.Build.0 = Release|Any CPU
		{6A1750EA-A195-4B9A-AE24-EE97379D1687}.Debug|Any CPU.ActiveCfg = Debug|Any CPU
		{6A1750EA-A195-4B9A-AE24-EE97379D1687}.Debug|Any CPU.Build.0 = Debug|Any CPU
		{6A1750EA-A195-4B9A-AE24-EE97379D1687}.Release|Any CPU.ActiveCfg = Release|Any CPU
		{6A1750EA-A195-4B9A-AE24-EE97379D1687}.Release|Any CPU.Build.0 = Release|Any CPU
		{FFCAF324-DA5B-4E93-A1A5-D68D17C573CB}.Debug|Any CPU.ActiveCfg = Debug|Any CPU
		{FFCAF324-DA5B-4E93-A1A5-D68D17C573CB}.Debug|Any CPU.Build.0 = Debug|Any CPU
		{FFCAF324-DA5B-4E93-A1A5-D68D17C573CB}.Release|Any CPU.ActiveCfg = Release|Any CPU
		{FFCAF324-DA5B-4E93-A1A5-D68D17C573CB}.Release|Any CPU.Build.0 = Release|Any CPU
		{EA790FF3-F1AA-4E5A-B74B-4F37DBA715B0}.Debug|Any CPU.ActiveCfg = Debug|Any CPU
		{EA790FF3-F1AA-4E5A-B74B-4F37DBA715B0}.Debug|Any CPU.Build.0 = Debug|Any CPU
		{EA790FF3-F1AA-4E5A-B74B-4F37DBA715B0}.Release|Any CPU.ActiveCfg = Release|Any CPU
		{EA790FF3-F1AA-4E5A-B74B-4F37DBA715B0}.Release|Any CPU.Build.0 = Release|Any CPU
	EndGlobalSection
	GlobalSection(NestedProjects) = preSolution
		{9D455F86-9712-4935-AEA5-E8703579A03E} = {223015BA-CE35-469E-97EC-2649F33096DD}
		{7E19B0F7-4667-477F-BA88-6227C8289F4D} = {223015BA-CE35-469E-97EC-2649F33096DD}
		{219298AE-1F1B-4B42-9432-0122330B03DD} = {223015BA-CE35-469E-97EC-2649F33096DD}
		{6A1750EA-A195-4B9A-AE24-EE97379D1687} = {223015BA-CE35-469E-97EC-2649F33096DD}
		{FFCAF324-DA5B-4E93-A1A5-D68D17C573CB} = {223015BA-CE35-469E-97EC-2649F33096DD}
		{EA790FF3-F1AA-4E5A-B74B-4F37DBA715B0} = {42C3CB91-0557-4FBF-A095-FEC3E56A164B}
	EndGlobalSection
EndGlobal
